// !$*UTF8*$!
{
	archiveVersion = 1;
	classes = {
	};
	objectVersion = 46;
	objects = {

/* Begin PBXBuildFile section */
		576F08E51E9B77AC0067D018 /* main.m in Sources */ = {isa = PBXBuildFile; fileRef = 576F08E41E9B77AC0067D018 /* main.m */; };
		576F08E81E9B77AC0067D018 /* AppDelegate.m in Sources */ = {isa = PBXBuildFile; fileRef = 576F08E71E9B77AC0067D018 /* AppDelegate.m */; };
		576F08EB1E9B77AC0067D018 /* ViewController.m in Sources */ = {isa = PBXBuildFile; fileRef = 576F08EA1E9B77AC0067D018 /* ViewController.m */; };
		576F08EE1E9B77AC0067D018 /* Main.storyboard in Resources */ = {isa = PBXBuildFile; fileRef = 576F08EC1E9B77AC0067D018 /* Main.storyboard */; };
		576F08F01E9B77AC0067D018 /* Assets.xcassets in Resources */ = {isa = PBXBuildFile; fileRef = 576F08EF1E9B77AC0067D018 /* Assets.xcassets */; };
		576F08F31E9B77AC0067D018 /* LaunchScreen.storyboard in Resources */ = {isa = PBXBuildFile; fileRef = 576F08F11E9B77AC0067D018 /* LaunchScreen.storyboard */; };
		576F08FE1E9B77AD0067D018 /* VXRootPageTests.m in Sources */ = {isa = PBXBuildFile; fileRef = 576F08FD1E9B77AD0067D018 /* VXRootPageTests.m */; };
		576F09091E9B77AD0067D018 /* VXRootPageUITests.m in Sources */ = {isa = PBXBuildFile; fileRef = 576F09081E9B77AD0067D018 /* VXRootPageUITests.m */; };
		576F09191E9B79850067D018 /* VXRootPageViewController.m in Sources */ = {isa = PBXBuildFile; fileRef = 576F09181E9B79850067D018 /* VXRootPageViewController.m */; };
		576F091C1E9B7A4B0067D018 /* VXRootPageServiceProvide.m in Sources */ = {isa = PBXBuildFile; fileRef = 576F091B1E9B7A4B0067D018 /* VXRootPageServiceProvide.m */; };
		A5C997D458C0C6C20782FC10 /* libPods-VXRootPage.a in Frameworks */ = {isa = PBXBuildFile; fileRef = AC2E162DFD9C6D411E843B56 /* libPods-VXRootPage.a */; };
/* End PBXBuildFile section */

/* Begin PBXContainerItemProxy section */
		576F08FA1E9B77AC0067D018 /* PBXContainerItemProxy */ = {
			isa = PBXContainerItemProxy;
			containerPortal = 576F08D81E9B77AC0067D018 /* Project object */;
			proxyType = 1;
			remoteGlobalIDString = 576F08DF1E9B77AC0067D018;
			remoteInfo = VXRootPage;
		};
		576F09051E9B77AD0067D018 /* PBXContainerItemProxy */ = {
			isa = PBXContainerItemProxy;
			containerPortal = 576F08D81E9B77AC0067D018 /* Project object */;
			proxyType = 1;
			remoteGlobalIDString = 576F08DF1E9B77AC0067D018;
			remoteInfo = VXRootPage;
		};
/* End PBXContainerItemProxy section */

/* Begin PBXFileReference section */
		4716FD9967AC544C751170C8 /* Pods-VXRootPage.release.xcconfig */ = {isa = PBXFileReference; includeInIndex = 1; lastKnownFileType = text.xcconfig; name = "Pods-VXRootPage.release.xcconfig"; path = "Pods/Target Support Files/Pods-VXRootPage/Pods-VXRootPage.release.xcconfig"; sourceTree = "<group>"; };
		576F08E01E9B77AC0067D018 /* VXRootPage.app */ = {isa = PBXFileReference; explicitFileType = wrapper.application; includeInIndex = 0; path = VXRootPage.app; sourceTree = BUILT_PRODUCTS_DIR; };
		576F08E41E9B77AC0067D018 /* main.m */ = {isa = PBXFileReference; lastKnownFileType = sourcecode.c.objc; path = main.m; sourceTree = "<group>"; };
		576F08E61E9B77AC0067D018 /* AppDelegate.h */ = {isa = PBXFileReference; lastKnownFileType = sourcecode.c.h; path = AppDelegate.h; sourceTree = "<group>"; };
		576F08E71E9B77AC0067D018 /* AppDelegate.m */ = {isa = PBXFileReference; lastKnownFileType = sourcecode.c.objc; path = AppDelegate.m; sourceTree = "<group>"; };
		576F08E91E9B77AC0067D018 /* ViewController.h */ = {isa = PBXFileReference; lastKnownFileType = sourcecode.c.h; path = ViewController.h; sourceTree = "<group>"; };
		576F08EA1E9B77AC0067D018 /* ViewController.m */ = {isa = PBXFileReference; lastKnownFileType = sourcecode.c.objc; path = ViewController.m; sourceTree = "<group>"; };
		576F08ED1E9B77AC0067D018 /* Base */ = {isa = PBXFileReference; lastKnownFileType = file.storyboard; name = Base; path = Base.lproj/Main.storyboard; sourceTree = "<group>"; };
		576F08EF1E9B77AC0067D018 /* Assets.xcassets */ = {isa = PBXFileReference; lastKnownFileType = folder.assetcatalog; path = Assets.xcassets; sourceTree = "<group>"; };
		576F08F21E9B77AC0067D018 /* Base */ = {isa = PBXFileReference; lastKnownFileType = file.storyboard; name = Base; path = Base.lproj/LaunchScreen.storyboard; sourceTree = "<group>"; };
		576F08F41E9B77AC0067D018 /* Info.plist */ = {isa = PBXFileReference; lastKnownFileType = text.plist.xml; path = Info.plist; sourceTree = "<group>"; };
		576F08F91E9B77AC0067D018 /* VXRootPageTests.xctest */ = {isa = PBXFileReference; explicitFileType = wrapper.cfbundle; includeInIndex = 0; path = VXRootPageTests.xctest; sourceTree = BUILT_PRODUCTS_DIR; };
		576F08FD1E9B77AD0067D018 /* VXRootPageTests.m */ = {isa = PBXFileReference; lastKnownFileType = sourcecode.c.objc; path = VXRootPageTests.m; sourceTree = "<group>"; };
		576F08FF1E9B77AD0067D018 /* Info.plist */ = {isa = PBXFileReference; lastKnownFileType = text.plist.xml; path = Info.plist; sourceTree = "<group>"; };
		576F09041E9B77AD0067D018 /* VXRootPageUITests.xctest */ = {isa = PBXFileReference; explicitFileType = wrapper.cfbundle; includeInIndex = 0; path = VXRootPageUITests.xctest; sourceTree = BUILT_PRODUCTS_DIR; };
		576F09081E9B77AD0067D018 /* VXRootPageUITests.m */ = {isa = PBXFileReference; lastKnownFileType = sourcecode.c.objc; path = VXRootPageUITests.m; sourceTree = "<group>"; };
		576F090A1E9B77AD0067D018 /* Info.plist */ = {isa = PBXFileReference; lastKnownFileType = text.plist.xml; path = Info.plist; sourceTree = "<group>"; };
		576F09171E9B79850067D018 /* VXRootPageViewController.h */ = {isa = PBXFileReference; fileEncoding = 4; lastKnownFileType = sourcecode.c.h; path = VXRootPageViewController.h; sourceTree = "<group>"; };
		576F09181E9B79850067D018 /* VXRootPageViewController.m */ = {isa = PBXFileReference; fileEncoding = 4; lastKnownFileType = sourcecode.c.objc; path = VXRootPageViewController.m; sourceTree = "<group>"; };
		576F091A1E9B7A4B0067D018 /* VXRootPageServiceProvide.h */ = {isa = PBXFileReference; fileEncoding = 4; lastKnownFileType = sourcecode.c.h; path = VXRootPageServiceProvide.h; sourceTree = "<group>"; };
		576F091B1E9B7A4B0067D018 /* VXRootPageServiceProvide.m */ = {isa = PBXFileReference; fileEncoding = 4; lastKnownFileType = sourcecode.c.objc; path = VXRootPageServiceProvide.m; sourceTree = "<group>"; };
		AC2E162DFD9C6D411E843B56 /* libPods-VXRootPage.a */ = {isa = PBXFileReference; explicitFileType = archive.ar; includeInIndex = 0; path = "libPods-VXRootPage.a"; sourceTree = BUILT_PRODUCTS_DIR; };
		D67481DC53B04AED5B2C674F /* Pods-VXRootPage.debug.xcconfig */ = {isa = PBXFileReference; includeInIndex = 1; lastKnownFileType = text.xcconfig; name = "Pods-VXRootPage.debug.xcconfig"; path = "Pods/Target Support Files/Pods-VXRootPage/Pods-VXRootPage.debug.xcconfig"; sourceTree = "<group>"; };
/* End PBXFileReference section */

/* Begin PBXFrameworksBuildPhase section */
		576F08DD1E9B77AC0067D018 /* Frameworks */ = {
			isa = PBXFrameworksBuildPhase;
			buildActionMask = 2147483647;
			files = (
				A5C997D458C0C6C20782FC10 /* libPods-VXRootPage.a in Frameworks */,
			);
			runOnlyForDeploymentPostprocessing = 0;
		};
		576F08F61E9B77AC0067D018 /* Frameworks */ = {
			isa = PBXFrameworksBuildPhase;
			buildActionMask = 2147483647;
			files = (
			);
			runOnlyForDeploymentPostprocessing = 0;
		};
		576F09011E9B77AD0067D018 /* Frameworks */ = {
			isa = PBXFrameworksBuildPhase;
			buildActionMask = 2147483647;
			files = (
			);
			runOnlyForDeploymentPostprocessing = 0;
		};
/* End PBXFrameworksBuildPhase section */

/* Begin PBXGroup section */
		576F08D71E9B77AC0067D018 = {
			isa = PBXGroup;
			children = (
				576F08E21E9B77AC0067D018 /* VXRootPage */,
				576F08FC1E9B77AC0067D018 /* VXRootPageTests */,
				576F09071E9B77AD0067D018 /* VXRootPageUITests */,
				576F08E11E9B77AC0067D018 /* Products */,
				6B316D8DF3022B9AE51FABCA /* Pods */,
				722997A49589DF5D6AE48154 /* Frameworks */,
			);
			sourceTree = "<group>";
		};
		576F08E11E9B77AC0067D018 /* Products */ = {
			isa = PBXGroup;
			children = (
				576F08E01E9B77AC0067D018 /* VXRootPage.app */,
				576F08F91E9B77AC0067D018 /* VXRootPageTests.xctest */,
				576F09041E9B77AD0067D018 /* VXRootPageUITests.xctest */,
			);
			name = Products;
			sourceTree = "<group>";
		};
		576F08E21E9B77AC0067D018 /* VXRootPage */ = {
			isa = PBXGroup;
			children = (
				576F09161E9B79470067D018 /* VXRootPage */,
				576F08E61E9B77AC0067D018 /* AppDelegate.h */,
				576F08E71E9B77AC0067D018 /* AppDelegate.m */,
				576F08E91E9B77AC0067D018 /* ViewController.h */,
				576F08EA1E9B77AC0067D018 /* ViewController.m */,
				576F08EC1E9B77AC0067D018 /* Main.storyboard */,
				576F08EF1E9B77AC0067D018 /* Assets.xcassets */,
				576F08F11E9B77AC0067D018 /* LaunchScreen.storyboard */,
				576F08F41E9B77AC0067D018 /* Info.plist */,
				576F08E31E9B77AC0067D018 /* Supporting Files */,
			);
			path = VXRootPage;
			sourceTree = "<group>";
		};
		576F08E31E9B77AC0067D018 /* Supporting Files */ = {
			isa = PBXGroup;
			children = (
				576F08E41E9B77AC0067D018 /* main.m */,
			);
			name = "Supporting Files";
			sourceTree = "<group>";
		};
		576F08FC1E9B77AC0067D018 /* VXRootPageTests */ = {
			isa = PBXGroup;
			children = (
				576F08FD1E9B77AD0067D018 /* VXRootPageTests.m */,
				576F08FF1E9B77AD0067D018 /* Info.plist */,
			);
			path = VXRootPageTests;
			sourceTree = "<group>";
		};
		576F09071E9B77AD0067D018 /* VXRootPageUITests */ = {
			isa = PBXGroup;
			children = (
				576F09081E9B77AD0067D018 /* VXRootPageUITests.m */,
				576F090A1E9B77AD0067D018 /* Info.plist */,
			);
			path = VXRootPageUITests;
			sourceTree = "<group>";
		};
		576F09161E9B79470067D018 /* VXRootPage */ = {
			isa = PBXGroup;
			children = (
				576F09171E9B79850067D018 /* VXRootPageViewController.h */,
				576F09181E9B79850067D018 /* VXRootPageViewController.m */,
				576F091A1E9B7A4B0067D018 /* VXRootPageServiceProvide.h */,
				576F091B1E9B7A4B0067D018 /* VXRootPageServiceProvide.m */,
			);
			path = VXRootPage;
			sourceTree = "<group>";
		};
		6B316D8DF3022B9AE51FABCA /* Pods */ = {
			isa = PBXGroup;
			children = (
				D67481DC53B04AED5B2C674F /* Pods-VXRootPage.debug.xcconfig */,
				4716FD9967AC544C751170C8 /* Pods-VXRootPage.release.xcconfig */,
			);
			name = Pods;
			sourceTree = "<group>";
		};
		722997A49589DF5D6AE48154 /* Frameworks */ = {
			isa = PBXGroup;
			children = (
				AC2E162DFD9C6D411E843B56 /* libPods-VXRootPage.a */,
			);
			name = Frameworks;
			sourceTree = "<group>";
		};
/* End PBXGroup section */

/* Begin PBXNativeTarget section */
		576F08DF1E9B77AC0067D018 /* VXRootPage */ = {
			isa = PBXNativeTarget;
			buildConfigurationList = 576F090D1E9B77AD0067D018 /* Build configuration list for PBXNativeTarget "VXRootPage" */;
			buildPhases = (
				D47DF31CA2C551F0748E1816 /* [CP] Check Pods Manifest.lock */,
				576F08DC1E9B77AC0067D018 /* Sources */,
				576F08DD1E9B77AC0067D018 /* Frameworks */,
				576F08DE1E9B77AC0067D018 /* Resources */,
				73CFE306A12C24A634B5B699 /* [CP] Embed Pods Frameworks */,
				E28F0228AC4708CDF3904875 /* [CP] Copy Pods Resources */,
			);
			buildRules = (
			);
			dependencies = (
			);
			name = VXRootPage;
			productName = VXRootPage;
			productReference = 576F08E01E9B77AC0067D018 /* VXRootPage.app */;
			productType = "com.apple.product-type.application";
		};
		576F08F81E9B77AC0067D018 /* VXRootPageTests */ = {
			isa = PBXNativeTarget;
			buildConfigurationList = 576F09101E9B77AD0067D018 /* Build configuration list for PBXNativeTarget "VXRootPageTests" */;
			buildPhases = (
				576F08F51E9B77AC0067D018 /* Sources */,
				576F08F61E9B77AC0067D018 /* Frameworks */,
				576F08F71E9B77AC0067D018 /* Resources */,
			);
			buildRules = (
			);
			dependencies = (
				576F08FB1E9B77AC0067D018 /* PBXTargetDependency */,
			);
			name = VXRootPageTests;
			productName = VXRootPageTests;
			productReference = 576F08F91E9B77AC0067D018 /* VXRootPageTests.xctest */;
			productType = "com.apple.product-type.bundle.unit-test";
		};
		576F09031E9B77AD0067D018 /* VXRootPageUITests */ = {
			isa = PBXNativeTarget;
			buildConfigurationList = 576F09131E9B77AD0067D018 /* Build configuration list for PBXNativeTarget "VXRootPageUITests" */;
			buildPhases = (
				576F09001E9B77AD0067D018 /* Sources */,
				576F09011E9B77AD0067D018 /* Frameworks */,
				576F09021E9B77AD0067D018 /* Resources */,
			);
			buildRules = (
			);
			dependencies = (
				576F09061E9B77AD0067D018 /* PBXTargetDependency */,
			);
			name = VXRootPageUITests;
			productName = VXRootPageUITests;
			productReference = 576F09041E9B77AD0067D018 /* VXRootPageUITests.xctest */;
			productType = "com.apple.product-type.bundle.ui-testing";
		};
/* End PBXNativeTarget section */

/* Begin PBXProject section */
		576F08D81E9B77AC0067D018 /* Project object */ = {
			isa = PBXProject;
			attributes = {
				LastUpgradeCheck = 0820;
				ORGANIZATIONNAME = voidxin;
				TargetAttributes = {
					576F08DF1E9B77AC0067D018 = {
						CreatedOnToolsVersion = 8.2;
						DevelopmentTeam = XZ5PNLT2U8;
						ProvisioningStyle = Automatic;
					};
					576F08F81E9B77AC0067D018 = {
						CreatedOnToolsVersion = 8.2;
						DevelopmentTeam = XZ5PNLT2U8;
						ProvisioningStyle = Automatic;
						TestTargetID = 576F08DF1E9B77AC0067D018;
					};
					576F09031E9B77AD0067D018 = {
						CreatedOnToolsVersion = 8.2;
						DevelopmentTeam = XZ5PNLT2U8;
						ProvisioningStyle = Automatic;
						TestTargetID = 576F08DF1E9B77AC0067D018;
					};
				};
			};
			buildConfigurationList = 576F08DB1E9B77AC0067D018 /* Build configuration list for PBXProject "VXRootPage" */;
			compatibilityVersion = "Xcode 3.2";
			developmentRegion = English;
			hasScannedForEncodings = 0;
			knownRegions = (
				en,
				Base,
			);
			mainGroup = 576F08D71E9B77AC0067D018;
			productRefGroup = 576F08E11E9B77AC0067D018 /* Products */;
			projectDirPath = "";
			projectRoot = "";
			targets = (
				576F08DF1E9B77AC0067D018 /* VXRootPage */,
				576F08F81E9B77AC0067D018 /* VXRootPageTests */,
				576F09031E9B77AD0067D018 /* VXRootPageUITests */,
			);
		};
/* End PBXProject section */

/* Begin PBXResourcesBuildPhase section */
		576F08DE1E9B77AC0067D018 /* Resources */ = {
			isa = PBXResourcesBuildPhase;
			buildActionMask = 2147483647;
			files = (
				576F08F31E9B77AC0067D018 /* LaunchScreen.storyboard in Resources */,
				576F08F01E9B77AC0067D018 /* Assets.xcassets in Resources */,
				576F08EE1E9B77AC0067D018 /* Main.storyboard in Resources */,
			);
			runOnlyForDeploymentPostprocessing = 0;
		};
		576F08F71E9B77AC0067D018 /* Resources */ = {
			isa = PBXResourcesBuildPhase;
			buildActionMask = 2147483647;
			files = (
			);
			runOnlyForDeploymentPostprocessing = 0;
		};
		576F09021E9B77AD0067D018 /* Resources */ = {
			isa = PBXResourcesBuildPhase;
			buildActionMask = 2147483647;
			files = (
			);
			runOnlyForDeploymentPostprocessing = 0;
		};
/* End PBXResourcesBuildPhase section */

/* Begin PBXShellScriptBuildPhase section */
		73CFE306A12C24A634B5B699 /* [CP] Embed Pods Frameworks */ = {
			isa = PBXShellScriptBuildPhase;
			buildActionMask = 2147483647;
			files = (
			);
			inputPaths = (
			);
			name = "[CP] Embed Pods Frameworks";
			outputPaths = (
			);
			runOnlyForDeploymentPostprocessing = 0;
			shellPath = /bin/sh;
			shellScript = "\"${SRCROOT}/Pods/Target Support Files/Pods-VXRootPage/Pods-VXRootPage-frameworks.sh\"\n";
			showEnvVarsInLog = 0;
		};
		D47DF31CA2C551F0748E1816 /* [CP] Check Pods Manifest.lock */ = {
			isa = PBXShellScriptBuildPhase;
			buildActionMask = 2147483647;
			files = (
			);
			inputPaths = (
			);
			name = "[CP] Check Pods Manifest.lock";
			outputPaths = (
			);
			runOnlyForDeploymentPostprocessing = 0;
			shellPath = /bin/sh;
			shellScript = "diff \"${PODS_ROOT}/../Podfile.lock\" \"${PODS_ROOT}/Manifest.lock\" > /dev/null\nif [ $? != 0 ] ; then\n    # print error to STDERR\n    echo \"error: The sandbox is not in sync with the Podfile.lock. Run 'pod install' or update your CocoaPods installation.\" >&2\n    exit 1\nfi\n";
			showEnvVarsInLog = 0;
		};
		E28F0228AC4708CDF3904875 /* [CP] Copy Pods Resources */ = {
			isa = PBXShellScriptBuildPhase;
			buildActionMask = 2147483647;
			files = (
			);
			inputPaths = (
			);
			name = "[CP] Copy Pods Resources";
			outputPaths = (
			);
			runOnlyForDeploymentPostprocessing = 0;
			shellPath = /bin/sh;
			shellScript = "\"${SRCROOT}/Pods/Target Support Files/Pods-VXRootPage/Pods-VXRootPage-resources.sh\"\n";
			showEnvVarsInLog = 0;
		};
/* End PBXShellScriptBuildPhase section */

/* Begin PBXSourcesBuildPhase section */
		576F08DC1E9B77AC0067D018 /* Sources */ = {
			isa = PBXSourcesBuildPhase;
			buildActionMask = 2147483647;
			files = (
				576F08EB1E9B77AC0067D018 /* ViewController.m in Sources */,
				576F08E81E9B77AC0067D018 /* AppDelegate.m in Sources */,
				576F091C1E9B7A4B0067D018 /* VXRootPageServiceProvide.m in Sources */,
				576F09191E9B79850067D018 /* VXRootPageViewController.m in Sources */,
				576F08E51E9B77AC0067D018 /* main.m in Sources */,
			);
			runOnlyForDeploymentPostprocessing = 0;
		};
		576F08F51E9B77AC0067D018 /* Sources */ = {
			isa = PBXSourcesBuildPhase;
			buildActionMask = 2147483647;
			files = (
				576F08FE1E9B77AD0067D018 /* VXRootPageTests.m in Sources */,
			);
			runOnlyForDeploymentPostprocessing = 0;
		};
		576F09001E9B77AD0067D018 /* Sources */ = {
			isa = PBXSourcesBuildPhase;
			buildActionMask = 2147483647;
			files = (
				576F09091E9B77AD0067D018 /* VXRootPageUITests.m in Sources */,
			);
			runOnlyForDeploymentPostprocessing = 0;
		};
/* End PBXSourcesBuildPhase section */

/* Begin PBXTargetDependency section */
		576F08FB1E9B77AC0067D018 /* PBXTargetDependency */ = {
			isa = PBXTargetDependency;
			target = 576F08DF1E9B77AC0067D018 /* VXRootPage */;
			targetProxy = 576F08FA1E9B77AC0067D018 /* PBXContainerItemProxy */;
		};
		576F09061E9B77AD0067D018 /* PBXTargetDependency */ = {
			isa = PBXTargetDependency;
			target = 576F08DF1E9B77AC0067D018 /* VXRootPage */;
			targetProxy = 576F09051E9B77AD0067D018 /* PBXContainerItemProxy */;
		};
/* End PBXTargetDependency section */

/* Begin PBXVariantGroup section */
		576F08EC1E9B77AC0067D018 /* Main.storyboard */ = {
			isa = PBXVariantGroup;
			children = (
				576F08ED1E9B77AC0067D018 /* Base */,
			);
			name = Main.storyboard;
			sourceTree = "<group>";
		};
		576F08F11E9B77AC0067D018 /* LaunchScreen.storyboard */ = {
			isa = PBXVariantGroup;
			children = (
				576F08F21E9B77AC0067D018 /* Base */,
			);
			name = LaunchScreen.storyboard;
			sourceTree = "<group>";
		};
/* End PBXVariantGroup section */

/* Begin XCBuildConfiguration section */
		576F090B1E9B77AD0067D018 /* Debug */ = {
			isa = XCBuildConfiguration;
			buildSettings = {
				ALWAYS_SEARCH_USER_PATHS = NO;
				CLANG_ANALYZER_NONNULL = YES;
				CLANG_CXX_LANGUAGE_STANDARD = "gnu++0x";
				CLANG_CXX_LIBRARY = "libc++";
				CLANG_ENABLE_MODULES = YES;
				CLANG_ENABLE_OBJC_ARC = YES;
				CLANG_WARN_BOOL_CONVERSION = YES;
				CLANG_WARN_CONSTANT_CONVERSION = YES;
				CLANG_WARN_DIRECT_OBJC_ISA_USAGE = YES_ERROR;
				CLANG_WARN_DOCUMENTATION_COMMENTS = YES;
				CLANG_WARN_EMPTY_BODY = YES;
				CLANG_WARN_ENUM_CONVERSION = YES;
				CLANG_WARN_INFINITE_RECURSION = YES;
				CLANG_WARN_INT_CONVERSION = YES;
				CLANG_WARN_OBJC_ROOT_CLASS = YES_ERROR;
				CLANG_WARN_SUSPICIOUS_MOVE = YES;
				CLANG_WARN_UNREACHABLE_CODE = YES;
				CLANG_WARN__DUPLICATE_METHOD_MATCH = YES;
				"CODE_SIGN_IDENTITY[sdk=iphoneos*]" = "iPhone Developer";
				COPY_PHASE_STRIP = NO;
				DEBUG_INFORMATION_FORMAT = dwarf;
				ENABLE_STRICT_OBJC_MSGSEND = YES;
				ENABLE_TESTABILITY = YES;
				GCC_C_LANGUAGE_STANDARD = gnu99;
				GCC_DYNAMIC_NO_PIC = NO;
				GCC_NO_COMMON_BLOCKS = YES;
				GCC_OPTIMIZATION_LEVEL = 0;
				GCC_PREPROCESSOR_DEFINITIONS = (
					"DEBUG=1",
					"$(inherited)",
				);
				GCC_WARN_64_TO_32_BIT_CONVERSION = YES;
				GCC_WARN_ABOUT_RETURN_TYPE = YES_ERROR;
				GCC_WARN_UNDECLARED_SELECTOR = YES;
				GCC_WARN_UNINITIALIZED_AUTOS = YES_AGGRESSIVE;
				GCC_WARN_UNUSED_FUNCTION = YES;
				GCC_WARN_UNUSED_VARIABLE = YES;
				IPHONEOS_DEPLOYMENT_TARGET = 10.2;
				MTL_ENABLE_DEBUG_INFO = YES;
				ONLY_ACTIVE_ARCH = YES;
				SDKROOT = iphoneos;
			};
			name = Debug;
		};
		576F090C1E9B77AD0067D018 /* Release */ = {
			isa = XCBuildConfiguration;
			buildSettings = {
				ALWAYS_SEARCH_USER_PATHS = NO;
				CLANG_ANALYZER_NONNULL = YES;
				CLANG_CXX_LANGUAGE_STANDARD = "gnu++0x";
				CLANG_CXX_LIBRARY = "libc++";
				CLANG_ENABLE_MODULES = YES;
				CLANG_ENABLE_OBJC_ARC = YES;
				CLANG_WARN_BOOL_CONVERSION = YES;
				CLANG_WARN_CONSTANT_CONVERSION = YES;
				CLANG_WARN_DIRECT_OBJC_ISA_USAGE = YES_ERROR;
				CLANG_WARN_DOCUMENTATION_COMMENTS = YES;
				CLANG_WARN_EMPTY_BODY = YES;
				CLANG_WARN_ENUM_CONVERSION = YES;
				CLANG_WARN_INFINITE_RECURSION = YES;
				CLANG_WARN_INT_CONVERSION = YES;
				CLANG_WARN_OBJC_ROOT_CLASS = YES_ERROR;
				CLANG_WARN_SUSPICIOUS_MOVE = YES;
				CLANG_WARN_UNREACHABLE_CODE = YES;
				CLANG_WARN__DUPLICATE_METHOD_MATCH = YES;
				"CODE_SIGN_IDENTITY[sdk=iphoneos*]" = "iPhone Developer";
				COPY_PHASE_STRIP = NO;
				DEBUG_INFORMATION_FORMAT = "dwarf-with-dsym";
				ENABLE_NS_ASSERTIONS = NO;
				ENABLE_STRICT_OBJC_MSGSEND = YES;
				GCC_C_LANGUAGE_STANDARD = gnu99;
				GCC_NO_COMMON_BLOCKS = YES;
				GCC_WARN_64_TO_32_BIT_CONVERSION = YES;
				GCC_WARN_ABOUT_RETURN_TYPE = YES_ERROR;
				GCC_WARN_UNDECLARED_SELECTOR = YES;
				GCC_WARN_UNINITIALIZED_AUTOS = YES_AGGRESSIVE;
				GCC_WARN_UNUSED_FUNCTION = YES;
				GCC_WARN_UNUSED_VARIABLE = YES;
				IPHONEOS_DEPLOYMENT_TARGET = 10.2;
				MTL_ENABLE_DEBUG_INFO = NO;
				SDKROOT = iphoneos;
				VALIDATE_PRODUCT = YES;
			};
			name = Release;
		};
		576F090E1E9B77AD0067D018 /* Debug */ = {
			isa = XCBuildConfiguration;
			baseConfigurationReference = D67481DC53B04AED5B2C674F /* Pods-VXRootPage.debug.xcconfig */;
			buildSettings = {
				ASSETCATALOG_COMPILER_APPICON_NAME = AppIcon;
				DEVELOPMENT_TEAM = XZ5PNLT2U8;
				INFOPLIST_FILE = VXRootPage/Info.plist;
				LD_RUNPATH_SEARCH_PATHS = "$(inherited) @executable_path/Frameworks";
				PRODUCT_BUNDLE_IDENTIFIER = voidxin.VXRootPage;
				PRODUCT_NAME = "$(TARGET_NAME)";
			};
			name = Debug;
		};
		576F090F1E9B77AD0067D018 /* Release */ = {
			isa = XCBuildConfiguration;
			baseConfigurationReference = 4716FD9967AC544C751170C8 /* Pods-VXRootPage.release.xcconfig */;
			buildSettings = {
				ASSETCATALOG_COMPILER_APPICON_NAME = AppIcon;
				DEVELOPMENT_TEAM = XZ5PNLT2U8;
				INFOPLIST_FILE = VXRootPage/Info.plist;
				LD_RUNPATH_SEARCH_PATHS = "$(inherited) @executable_path/Frameworks";
				PRODUCT_BUNDLE_IDENTIFIER = voidxin.VXRootPage;
				PRODUCT_NAME = "$(TARGET_NAME)";
			};
			name = Release;
		};
		576F09111E9B77AD0067D018 /* Debug */ = {
			isa = XCBuildConfiguration;
			buildSettings = {
				BUNDLE_LOADER = "$(TEST_HOST)";
				DEVELOPMENT_TEAM = XZ5PNLT2U8;
				INFOPLIST_FILE = VXRootPageTests/Info.plist;
				LD_RUNPATH_SEARCH_PATHS = "$(inherited) @executable_path/Frameworks @loader_path/Frameworks";
				PRODUCT_BUNDLE_IDENTIFIER = voidxin.VXRootPageTests;
				PRODUCT_NAME = "$(TARGET_NAME)";
				TEST_HOST = "$(BUILT_PRODUCTS_DIR)/VXRootPage.app/VXRootPage";
			};
			name = Debug;
		};
		576F09121E9B77AD0067D018 /* Release */ = {
			isa = XCBuildConfiguration;
			buildSettings = {
				BUNDLE_LOADER = "$(TEST_HOST)";
				DEVELOPMENT_TEAM = XZ5PNLT2U8;
				INFOPLIST_FILE = VXRootPageTests/Info.plist;
				LD_RUNPATH_SEARCH_PATHS = "$(inherited) @executable_path/Frameworks @loader_path/Frameworks";
				PRODUCT_BUNDLE_IDENTIFIER = voidxin.VXRootPageTests;
				PRODUCT_NAME = "$(TARGET_NAME)";
				TEST_HOST = "$(BUILT_PRODUCTS_DIR)/VXRootPage.app/VXRootPage";
			};
			name = Release;
		};
		576F09141E9B77AD0067D018 /* Debug */ = {
			isa = XCBuildConfiguration;
			buildSettings = {
				DEVELOPMENT_TEAM = XZ5PNLT2U8;
				INFOPLIST_FILE = VXRootPageUITests/Info.plist;
				LD_RUNPATH_SEARCH_PATHS = "$(inherited) @executable_path/Frameworks @loader_path/Frameworks";
				PRODUCT_BUNDLE_IDENTIFIER = voidxin.VXRootPageUITests;
				PRODUCT_NAME = "$(TARGET_NAME)";
				TEST_TARGET_NAME = VXRootPage;
			};
			name = Debug;
		};
		576F09151E9B77AD0067D018 /* Release */ = {
			isa = XCBuildConfiguration;
			buildSettings = {
				DEVELOPMENT_TEAM = XZ5PNLT2U8;
				INFOPLIST_FILE = VXRootPageUITests/Info.plist;
				LD_RUNPATH_SEARCH_PATHS = "$(inherited) @executable_path/Frameworks @loader_path/Frameworks";
				PRODUCT_BUNDLE_IDENTIFIER = voidxin.VXRootPageUITests;
				PRODUCT_NAME = "$(TARGET_NAME)";
				TEST_TARGET_NAME = VXRootPage;
			};
			name = Release;
		};
/* End XCBuildConfiguration section */

/* Begin XCConfigurationList section */
		576F08DB1E9B77AC0067D018 /* Build configuration list for PBXProject "VXRootPage" */ = {
			isa = XCConfigurationList;
			buildConfigurations = (
				576F090B1E9B77AD0067D018 /* Debug */,
				576F090C1E9B77AD0067D018 /* Release */,
			);
			defaultConfigurationIsVisible = 0;
			defaultConfigurationName = Release;
		};
		576F090D1E9B77AD0067D018 /* Build configuration list for PBXNativeTarget "VXRootPage" */ = {
			isa = XCConfigurationList;
			buildConfigurations = (
				576F090E1E9B77AD0067D018 /* Debug */,
				576F090F1E9B77AD0067D018 /* Release */,
			);
			defaultConfigurationIsVisible = 0;
		};
		576F09101E9B77AD0067D018 /* Build configuration list for PBXNativeTarget "VXRootPageTests" */ = {
			isa = XCConfigurationList;
			buildConfigurations = (
				576F09111E9B77AD0067D018 /* Debug */,
				576F09121E9B77AD0067D018 /* Release */,
			);
			defaultConfigurationIsVisible = 0;
		};
		576F09131E9B77AD0067D018 /* Build configuration list for PBXNativeTarget "VXRootPageUITests" */ = {
			isa = XCConfigurationList;
			buildConfigurations = (
				576F09141E9B77AD0067D018 /* Debug */,
				576F09151E9B77AD0067D018 /* Release */,
			);
			defaultConfigurationIsVisible = 0;
		};
/* End XCConfigurationList section */
	};
	rootObject = 576F08D81E9B77AC0067D018 /* Project object */;
}
